
Microsoft Visual Studio Solution File, Format Version 12.00
# Visual Studio Version 17
VisualStudioVersion = 17.0.31903.59
MinimumVisualStudioVersion = 10.0.40219.1
Project("{2150E333-8FDC-42A3-9474-1A3956D46DE8}") = "src", "src", "{827E0CD3-B72D-47B6-A68D-7590B98EB39B}"
EndProject
Project("{FAE04EC0-301F-11D3-BF4B-00C04F79EFBC}") = "SlipVerification.Domain", "src\SlipVerification.Domain\SlipVerification.Domain.csproj", "{873DEBD5-8B3C-44C4-84D2-AC3101F6442A}"
EndProject
Project("{FAE04EC0-301F-11D3-BF4B-00C04F79EFBC}") = "SlipVerification.Application", "src\SlipVerification.Application\SlipVerification.Application.csproj", "{E65CD381-0206-4F8F-BC0E-175627E9CC09}"
EndProject
Project("{FAE04EC0-301F-11D3-BF4B-00C04F79EFBC}") = "SlipVerification.Infrastructure", "src\SlipVerification.Infrastructure\SlipVerification.Infrastructure.csproj", "{10CD204A-F4F4-4AA2-A501-1E2A6C76D061}"
EndProject
Project("{FAE04EC0-301F-11D3-BF4B-00C04F79EFBC}") = "SlipVerification.API", "src\SlipVerification.API\SlipVerification.API.csproj", "{98C91FC4-1311-4E15-8EC3-AE6A6FF1212B}"
EndProject
Project("{FAE04EC0-301F-11D3-BF4B-00C04F79EFBC}") = "SlipVerification.Shared", "src\SlipVerification.Shared\SlipVerification.Shared.csproj", "{236F45FC-C085-4142-AB10-04C0AEB792A0}"
EndProject
Project("{2150E333-8FDC-42A3-9474-1A3956D46DE8}") = "tests", "tests", "{0AB3BF05-4346-4AA6-1389-037BE0695223}"
EndProject
Project("{FAE04EC0-301F-11D3-BF4B-00C04F79EFBC}") = "SlipVerification.UnitTests", "tests\SlipVerification.UnitTests\SlipVerification.UnitTests.csproj", "{832419D4-29D7-4ADA-B0F8-F0149A3B497E}"
EndProject
Project("{FAE04EC0-301F-11D3-BF4B-00C04F79EFBC}") = "SlipVerification.IntegrationTests", "tests\SlipVerification.IntegrationTests\SlipVerification.IntegrationTests.csproj", "{99DA7C78-FAAA-43DC-8B41-406153B4A287}"
EndProject
Project("{FAE04EC0-301F-11D3-BF4B-00C04F79EFBC}") = "SlipVerification.FunctionalTests", "tests\SlipVerification.FunctionalTests\SlipVerification.FunctionalTests.csproj", "{7E19F64B-D4D1-4AE4-A008-4BAD42393FD7}"
EndProject
Global
	GlobalSection(SolutionConfigurationPlatforms) = preSolution
		Debug|Any CPU = Debug|Any CPU
		Debug|x64 = Debug|x64
		Debug|x86 = Debug|x86
		Release|Any CPU = Release|Any CPU
		Release|x64 = Release|x64
		Release|x86 = Release|x86
	EndGlobalSection
	GlobalSection(ProjectConfigurationPlatforms) = postSolution
		{873DEBD5-8B3C-44C4-84D2-AC3101F6442A}.Debug|Any CPU.ActiveCfg = Debug|Any CPU
		{873DEBD5-8B3C-44C4-84D2-AC3101F6442A}.Debug|Any CPU.Build.0 = Debug|Any CPU
		{873DEBD5-8B3C-44C4-84D2-AC3101F6442A}.Debug|x64.ActiveCfg = Debug|Any CPU
		{873DEBD5-8B3C-44C4-84D2-AC3101F6442A}.Debug|x64.Build.0 = Debug|Any CPU
		{873DEBD5-8B3C-44C4-84D2-AC3101F6442A}.Debug|x86.ActiveCfg = Debug|Any CPU
		{873DEBD5-8B3C-44C4-84D2-AC3101F6442A}.Debug|x86.Build.0 = Debug|Any CPU
		{873DEBD5-8B3C-44C4-84D2-AC3101F6442A}.Release|Any CPU.ActiveCfg = Release|Any CPU
		{873DEBD5-8B3C-44C4-84D2-AC3101F6442A}.Release|Any CPU.Build.0 = Release|Any CPU
		{873DEBD5-8B3C-44C4-84D2-AC3101F6442A}.Release|x64.ActiveCfg = Release|Any CPU
		{873DEBD5-8B3C-44C4-84D2-AC3101F6442A}.Release|x64.Build.0 = Release|Any CPU
		{873DEBD5-8B3C-44C4-84D2-AC3101F6442A}.Release|x86.ActiveCfg = Release|Any CPU
		{873DEBD5-8B3C-44C4-84D2-AC3101F6442A}.Release|x86.Build.0 = Release|Any CPU
		{E65CD381-0206-4F8F-BC0E-175627E9CC09}.Debug|Any CPU.ActiveCfg = Debug|Any CPU
		{E65CD381-0206-4F8F-BC0E-175627E9CC09}.Debug|Any CPU.Build.0 = Debug|Any CPU
		{E65CD381-0206-4F8F-BC0E-175627E9CC09}.Debug|x64.ActiveCfg = Debug|Any CPU
		{E65CD381-0206-4F8F-BC0E-175627E9CC09}.Debug|x64.Build.0 = Debug|Any CPU
		{E65CD381-0206-4F8F-BC0E-175627E9CC09}.Debug|x86.ActiveCfg = Debug|Any CPU
		{E65CD381-0206-4F8F-BC0E-175627E9CC09}.Debug|x86.Build.0 = Debug|Any CPU
		{E65CD381-0206-4F8F-BC0E-175627E9CC09}.Release|Any CPU.ActiveCfg = Release|Any CPU
		{E65CD381-0206-4F8F-BC0E-175627E9CC09}.Release|Any CPU.Build.0 = Release|Any CPU
		{E65CD381-0206-4F8F-BC0E-175627E9CC09}.Release|x64.ActiveCfg = Release|Any CPU
		{E65CD381-0206-4F8F-BC0E-175627E9CC09}.Release|x64.Build.0 = Release|Any CPU
		{E65CD381-0206-4F8F-BC0E-175627E9CC09}.Release|x86.ActiveCfg = Release|Any CPU
		{E65CD381-0206-4F8F-BC0E-175627E9CC09}.Release|x86.Build.0 = Release|Any CPU
		{10CD204A-F4F4-4AA2-A501-1E2A6C76D061}.Debug|Any CPU.ActiveCfg = Debug|Any CPU
		{10CD204A-F4F4-4AA2-A501-1E2A6C76D061}.Debug|Any CPU.Build.0 = Debug|Any CPU
		{10CD204A-F4F4-4AA2-A501-1E2A6C76D061}.Debug|x64.ActiveCfg = Debug|Any CPU
		{10CD204A-F4F4-4AA2-A501-1E2A6C76D061}.Debug|x64.Build.0 = Debug|Any CPU
		{10CD204A-F4F4-4AA2-A501-1E2A6C76D061}.Debug|x86.ActiveCfg = Debug|Any CPU
		{10CD204A-F4F4-4AA2-A501-1E2A6C76D061}.Debug|x86.Build.0 = Debug|Any CPU
		{10CD204A-F4F4-4AA2-A501-1E2A6C76D061}.Release|Any CPU.ActiveCfg = Release|Any CPU
		{10CD204A-F4F4-4AA2-A501-1E2A6C76D061}.Release|Any CPU.Build.0 = Release|Any CPU
		{10CD204A-F4F4-4AA2-A501-1E2A6C76D061}.Release|x64.ActiveCfg = Release|Any CPU
		{10CD204A-F4F4-4AA2-A501-1E2A6C76D061}.Release|x64.Build.0 = Release|Any CPU
		{10CD204A-F4F4-4AA2-A501-1E2A6C76D061}.Release|x86.ActiveCfg = Release|Any CPU
		{10CD204A-F4F4-4AA2-A501-1E2A6C76D061}.Release|x86.Build.0 = Release|Any CPU
		{98C91FC4-1311-4E15-8EC3-AE6A6FF1212B}.Debug|Any CPU.ActiveCfg = Debug|Any CPU
		{98C91FC4-1311-4E15-8EC3-AE6A6FF1212B}.Debug|Any CPU.Build.0 = Debug|Any CPU
		{98C91FC4-1311-4E15-8EC3-AE6A6FF1212B}.Debug|x64.ActiveCfg = Debug|Any CPU
		{98C91FC4-1311-4E15-8EC3-AE6A6FF1212B}.Debug|x64.Build.0 = Debug|Any CPU
		{98C91FC4-1311-4E15-8EC3-AE6A6FF1212B}.Debug|x86.ActiveCfg = Debug|Any CPU
		{98C91FC4-1311-4E15-8EC3-AE6A6FF1212B}.Debug|x86.Build.0 = Debug|Any CPU
		{98C91FC4-1311-4E15-8EC3-AE6A6FF1212B}.Release|Any CPU.ActiveCfg = Release|Any CPU
		{98C91FC4-1311-4E15-8EC3-AE6A6FF1212B}.Release|Any CPU.Build.0 = Release|Any CPU
		{98C91FC4-1311-4E15-8EC3-AE6A6FF1212B}.Release|x64.ActiveCfg = Release|Any CPU
		{98C91FC4-1311-4E15-8EC3-AE6A6FF1212B}.Release|x64.Build.0 = Release|Any CPU
		{98C91FC4-1311-4E15-8EC3-AE6A6FF1212B}.Release|x86.ActiveCfg = Release|Any CPU
		{98C91FC4-1311-4E15-8EC3-AE6A6FF1212B}.Release|x86.Build.0 = Release|Any CPU
		{236F45FC-C085-4142-AB10-04C0AEB792A0}.Debug|Any CPU.ActiveCfg = Debug|Any CPU
		{236F45FC-C085-4142-AB10-04C0AEB792A0}.Debug|Any CPU.Build.0 = Debug|Any CPU
		{236F45FC-C085-4142-AB10-04C0AEB792A0}.Debug|x64.ActiveCfg = Debug|Any CPU
		{236F45FC-C085-4142-AB10-04C0AEB792A0}.Debug|x64.Build.0 = Debug|Any CPU
		{236F45FC-C085-4142-AB10-04C0AEB792A0}.Debug|x86.ActiveCfg = Debug|Any CPU
		{236F45FC-C085-4142-AB10-04C0AEB792A0}.Debug|x86.Build.0 = Debug|Any CPU
		{236F45FC-C085-4142-AB10-04C0AEB792A0}.Release|Any CPU.ActiveCfg = Release|Any CPU
		{236F45FC-C085-4142-AB10-04C0AEB792A0}.Release|Any CPU.Build.0 = Release|Any CPU
		{236F45FC-C085-4142-AB10-04C0AEB792A0}.Release|x64.ActiveCfg = Release|Any CPU
		{236F45FC-C085-4142-AB10-04C0AEB792A0}.Release|x64.Build.0 = Release|Any CPU
		{236F45FC-C085-4142-AB10-04C0AEB792A0}.Release|x86.ActiveCfg = Release|Any CPU
		{236F45FC-C085-4142-AB10-04C0AEB792A0}.Release|x86.Build.0 = Release|Any CPU
		{832419D4-29D7-4ADA-B0F8-F0149A3B497E}.Debug|Any CPU.ActiveCfg = Debug|Any CPU
		{832419D4-29D7-4ADA-B0F8-F0149A3B497E}.Debug|Any CPU.Build.0 = Debug|Any CPU
		{832419D4-29D7-4ADA-B0F8-F0149A3B497E}.Debug|x64.ActiveCfg = Debug|Any CPU
		{832419D4-29D7-4ADA-B0F8-F0149A3B497E}.Debug|x64.Build.0 = Debug|Any CPU
		{832419D4-29D7-4ADA-B0F8-F0149A3B497E}.Debug|x86.ActiveCfg = Debug|Any CPU
		{832419D4-29D7-4ADA-B0F8-F0149A3B497E}.Debug|x86.Build.0 = Debug|Any CPU
		{832419D4-29D7-4ADA-B0F8-F0149A3B497E}.Release|Any CPU.ActiveCfg = Release|Any CPU
		{832419D4-29D7-4ADA-B0F8-F0149A3B497E}.Release|Any CPU.Build.0 = Release|Any CPU
		{832419D4-29D7-4ADA-B0F8-F0149A3B497E}.Release|x64.ActiveCfg = Release|Any CPU
		{832419D4-29D7-4ADA-B0F8-F0149A3B497E}.Release|x64.Build.0 = Release|Any CPU
		{832419D4-29D7-4ADA-B0F8-F0149A3B497E}.Release|x86.ActiveCfg = Release|Any CPU
		{832419D4-29D7-4ADA-B0F8-F0149A3B497E}.Release|x86.Build.0 = Release|Any CPU
		{99DA7C78-FAAA-43DC-8B41-406153B4A287}.Debug|Any CPU.ActiveCfg = Debug|Any CPU
		{99DA7C78-FAAA-43DC-8B41-406153B4A287}.Debug|Any CPU.Build.0 = Debug|Any CPU
		{99DA7C78-FAAA-43DC-8B41-406153B4A287}.Debug|x64.ActiveCfg = Debug|Any CPU
		{99DA7C78-FAAA-43DC-8B41-406153B4A287}.Debug|x64.Build.0 = Debug|Any CPU
		{99DA7C78-FAAA-43DC-8B41-406153B4A287}.Debug|x86.ActiveCfg = Debug|Any CPU
		{99DA7C78-FAAA-43DC-8B41-406153B4A287}.Debug|x86.Build.0 = Debug|Any CPU
		{99DA7C78-FAAA-43DC-8B41-406153B4A287}.Release|Any CPU.ActiveCfg = Release|Any CPU
		{99DA7C78-FAAA-43DC-8B41-406153B4A287}.Release|Any CPU.Build.0 = Release|Any CPU
		{99DA7C78-FAAA-43DC-8B41-406153B4A287}.Release|x64.ActiveCfg = Release|Any CPU
		{99DA7C78-FAAA-43DC-8B41-406153B4A287}.Release|x64.Build.0 = Release|Any CPU
		{99DA7C78-FAAA-43DC-8B41-406153B4A287}.Release|x86.ActiveCfg = Release|Any CPU
		{99DA7C78-FAAA-43DC-8B41-406153B4A287}.Release|x86.Build.0 = Release|Any CPU
		{7E19F64B-D4D1-4AE4-A008-4BAD42393FD7}.Debug|Any CPU.ActiveCfg = Debug|Any CPU
		{7E19F64B-D4D1-4AE4-A008-4BAD42393FD7}.Debug|Any CPU.Build.0 = Debug|Any CPU
		{7E19F64B-D4D1-4AE4-A008-4BAD42393FD7}.Debug|x64.ActiveCfg = Debug|Any CPU
		{7E19F64B-D4D1-4AE4-A008-4BAD42393FD7}.Debug|x64.Build.0 = Debug|Any CPU
		{7E19F64B-D4D1-4AE4-A008-4BAD42393FD7}.Debug|x86.ActiveCfg = Debug|Any CPU
		{7E19F64B-D4D1-4AE4-A008-4BAD42393FD7}.Debug|x86.Build.0 = Debug|Any CPU
		{7E19F64B-D4D1-4AE4-A008-4BAD42393FD7}.Release|Any CPU.ActiveCfg = Release|Any CPU
		{7E19F64B-D4D1-4AE4-A008-4BAD42393FD7}.Release|Any CPU.Build.0 = Release|Any CPU
		{7E19F64B-D4D1-4AE4-A008-4BAD42393FD7}.Release|x64.ActiveCfg = Release|Any CPU
		{7E19F64B-D4D1-4AE4-A008-4BAD42393FD7}.Release|x64.Build.0 = Release|Any CPU
		{7E19F64B-D4D1-4AE4-A008-4BAD42393FD7}.Release|x86.ActiveCfg = Release|Any CPU
		{7E19F64B-D4D1-4AE4-A008-4BAD42393FD7}.Release|x86.Build.0 = Release|Any CPU
	EndGlobalSection
	GlobalSection(SolutionProperties) = preSolution
		HideSolutionNode = FALSE
	EndGlobalSection
	GlobalSection(NestedProjects) = preSolution
		{873DEBD5-8B3C-44C4-84D2-AC3101F6442A} = {827E0CD3-B72D-47B6-A68D-7590B98EB39B}
		{E65CD381-0206-4F8F-BC0E-175627E9CC09} = {827E0CD3-B72D-47B6-A68D-7590B98EB39B}
		{10CD204A-F4F4-4AA2-A501-1E2A6C76D061} = {827E0CD3-B72D-47B6-A68D-7590B98EB39B}
		{98C91FC4-1311-4E15-8EC3-AE6A6FF1212B} = {827E0CD3-B72D-47B6-A68D-7590B98EB39B}
		{236F45FC-C085-4142-AB10-04C0AEB792A0} = {827E0CD3-B72D-47B6-A68D-7590B98EB39B}
		{832419D4-29D7-4ADA-B0F8-F0149A3B497E} = {0AB3BF05-4346-4AA6-1389-037BE0695223}
		{99DA7C78-FAAA-43DC-8B41-406153B4A287} = {0AB3BF05-4346-4AA6-1389-037BE0695223}
		{7E19F64B-D4D1-4AE4-A008-4BAD42393FD7} = {0AB3BF05-4346-4AA6-1389-037BE0695223}
	EndGlobalSection
EndGlobal
